
Microsoft Visual Studio Solution File, Format Version 12.00
# Visual Studio Version 16
VisualStudioVersion = 16.0.29709.97
MinimumVisualStudioVersion = 10.0.40219.1
Project("{2150E333-8FDC-42A3-9474-1A3956D46DE8}") = "src", "src", "{9A3B0511-4C30-4E4D-9CD7-E6C410DCE999}"
EndProject
Project("{2150E333-8FDC-42A3-9474-1A3956D46DE8}") = "Applications", "Applications", "{DA6233AE-A56F-4BD5-B03A-90682359FB80}"
EndProject
Project("{9A19103F-16F7-4668-BE54-9A1E7A4F7556}") = "OrchardCoreExample.Application.WebHost", "src\Applications\OrchardCoreExample.Application.WebHost\OrchardCoreExample.Application.WebHost.csproj", "{09B42DD4-1F06-4B99-A97F-84E8BFCC7CF5}"
EndProject
Project("{2150E333-8FDC-42A3-9474-1A3956D46DE8}") = "Modules", "Modules", "{9C01A2ED-AF4B-4B2A-89F0-4A84AE6E5339}"
EndProject
Project("{9A19103F-16F7-4668-BE54-9A1E7A4F7556}") = "OrchardCoreExample.Settings.Module", "src\Modules\OrchardCoreExample.Settings.Module\OrchardCoreExample.Settings.Module.csproj", "{078E15EC-8EFE-4D27-A4DA-4106DE31974B}"
EndProject
Project("{2150E333-8FDC-42A3-9474-1A3956D46DE8}") = "MarkDown", "MarkDown", "{9B5C1E2A-EF87-4174-B52F-D4E4DF1CCA5E}"
	ProjectSection(SolutionItems) = preProject
		NuGet.config = NuGet.config
		README.md = README.md
	EndProjectSection
EndProject
Project("{9A19103F-16F7-4668-BE54-9A1E7A4F7556}") = "OrchardCoreExample.WebApi.Module", "src\Modules\OrchardCoreExample.WebApi.Module\OrchardCoreExample.WebApi.Module.csproj", "{0C08F8F0-ADD8-4A77-A944-F4FDD43C6BAD}"
EndProject
Project("{9A19103F-16F7-4668-BE54-9A1E7A4F7556}") = "OrchardCoreExample.Workflows.Module", "src\Modules\OrchardCoreExample.Workflows.Module\OrchardCoreExample.Workflows.Module.csproj", "{623E5A36-39BE-4A72-AA88-D8E4EA23A861}"
EndProject
Project("{9A19103F-16F7-4668-BE54-9A1E7A4F7556}") = "OrchardCoreExample.DataTable.Module", "src\Modules\OrchardCoreExample.DataTable.Module\OrchardCoreExample.DataTable.Module.csproj", "{B78E50EE-0070-4B6C-9C5F-A25E344C543E}"
EndProject
Project("{FAE04EC0-301F-11D3-BF4B-00C04F79EFBC}") = "OrchardCoreExample.WeCharMiniProgram.Module", "src\Modules\OrchardCoreExample.WeCharMiniProgram.Module\OrchardCoreExample.WeCharMiniProgram.Module.csproj", "{81B48F78-9852-457F-8522-42FC03BB740D}"
EndProject
Global
	GlobalSection(SolutionConfigurationPlatforms) = preSolution
		Debug|Any CPU = Debug|Any CPU
		Release|Any CPU = Release|Any CPU
	EndGlobalSection
	GlobalSection(ProjectConfigurationPlatforms) = postSolution
		{09B42DD4-1F06-4B99-A97F-84E8BFCC7CF5}.Debug|Any CPU.ActiveCfg = Debug|Any CPU
		{09B42DD4-1F06-4B99-A97F-84E8BFCC7CF5}.Debug|Any CPU.Build.0 = Debug|Any CPU
		{09B42DD4-1F06-4B99-A97F-84E8BFCC7CF5}.Release|Any CPU.ActiveCfg = Release|Any CPU
		{09B42DD4-1F06-4B99-A97F-84E8BFCC7CF5}.Release|Any CPU.Build.0 = Release|Any CPU
		{078E15EC-8EFE-4D27-A4DA-4106DE31974B}.Debug|Any CPU.ActiveCfg = Debug|Any CPU
		{078E15EC-8EFE-4D27-A4DA-4106DE31974B}.Debug|Any CPU.Build.0 = Debug|Any CPU
		{078E15EC-8EFE-4D27-A4DA-4106DE31974B}.Release|Any CPU.ActiveCfg = Release|Any CPU
		{078E15EC-8EFE-4D27-A4DA-4106DE31974B}.Release|Any CPU.Build.0 = Release|Any CPU
		{0C08F8F0-ADD8-4A77-A944-F4FDD43C6BAD}.Debug|Any CPU.ActiveCfg = Debug|Any CPU
		{0C08F8F0-ADD8-4A77-A944-F4FDD43C6BAD}.Debug|Any CPU.Build.0 = Debug|Any CPU
		{0C08F8F0-ADD8-4A77-A944-F4FDD43C6BAD}.Release|Any CPU.ActiveCfg = Release|Any CPU
		{0C08F8F0-ADD8-4A77-A944-F4FDD43C6BAD}.Release|Any CPU.Build.0 = Release|Any CPU
		{623E5A36-39BE-4A72-AA88-D8E4EA23A861}.Debug|Any CPU.ActiveCfg = Debug|Any CPU
		{623E5A36-39BE-4A72-AA88-D8E4EA23A861}.Debug|Any CPU.Build.0 = Debug|Any CPU
		{623E5A36-39BE-4A72-AA88-D8E4EA23A861}.Release|Any CPU.ActiveCfg = Release|Any CPU
		{623E5A36-39BE-4A72-AA88-D8E4EA23A861}.Release|Any CPU.Build.0 = Release|Any CPU
		{B78E50EE-0070-4B6C-9C5F-A25E344C543E}.Debug|Any CPU.ActiveCfg = Debug|Any CPU
		{B78E50EE-0070-4B6C-9C5F-A25E344C543E}.Debug|Any CPU.Build.0 = Debug|Any CPU
		{B78E50EE-0070-4B6C-9C5F-A25E344C543E}.Release|Any CPU.ActiveCfg = Release|Any CPU
		{B78E50EE-0070-4B6C-9C5F-A25E344C543E}.Release|Any CPU.Build.0 = Release|Any CPU
		{81B48F78-9852-457F-8522-42FC03BB740D}.Debug|Any CPU.ActiveCfg = Debug|Any CPU
		{81B48F78-9852-457F-8522-42FC03BB740D}.Debug|Any CPU.Build.0 = Debug|Any CPU
		{81B48F78-9852-457F-8522-42FC03BB740D}.Release|Any CPU.ActiveCfg = Release|Any CPU
		{81B48F78-9852-457F-8522-42FC03BB740D}.Release|Any CPU.Build.0 = Release|Any CPU
	EndGlobalSection
	GlobalSection(SolutionProperties) = preSolution
		HideSolutionNode = FALSE
	EndGlobalSection
	GlobalSection(NestedProjects) = preSolution
		{DA6233AE-A56F-4BD5-B03A-90682359FB80} = {9A3B0511-4C30-4E4D-9CD7-E6C410DCE999}
		{09B42DD4-1F06-4B99-A97F-84E8BFCC7CF5} = {DA6233AE-A56F-4BD5-B03A-90682359FB80}
		{9C01A2ED-AF4B-4B2A-89F0-4A84AE6E5339} = {9A3B0511-4C30-4E4D-9CD7-E6C410DCE999}
		{078E15EC-8EFE-4D27-A4DA-4106DE31974B} = {9C01A2ED-AF4B-4B2A-89F0-4A84AE6E5339}
		{0C08F8F0-ADD8-4A77-A944-F4FDD43C6BAD} = {9C01A2ED-AF4B-4B2A-89F0-4A84AE6E5339}
		{623E5A36-39BE-4A72-AA88-D8E4EA23A861} = {9C01A2ED-AF4B-4B2A-89F0-4A84AE6E5339}
		{B78E50EE-0070-4B6C-9C5F-A25E344C543E} = {9C01A2ED-AF4B-4B2A-89F0-4A84AE6E5339}
		{81B48F78-9852-457F-8522-42FC03BB740D} = {9C01A2ED-AF4B-4B2A-89F0-4A84AE6E5339}
	EndGlobalSection
	GlobalSection(ExtensibilityGlobals) = postSolution
		SolutionGuid = {9C4D2627-639A-4385-AA64-A984D7C3FA9E}
	EndGlobalSection
EndGlobal
